25687
25687
25687
25687
25687
25687
25687
25687
25687
25687
25687
25687
25687
25687
25687
25687
25687
25687
25687
25687
25687
25687
28431
28431
28431
28431
28431
28431
28431
28431
28431
28431
28431
28431
28431
28431
28431
28431
28431
28431
28431
28431
28431
28431
28431
28431
28431
28431
28431
28431
28431
28431
28431
28431
28431
28431
28431
28431
28431
28431
28431
28431
28431
28431
28431
28431
28431
28431
28431
